
Microsoft Visual Studio Solution File, Format Version 11.00
# Visual Studio 2010
Project("{FAE04EC0-301F-11D3-BF4B-00C04F79EFBC}") = "Sidescroller", "Assembly-CSharp.csproj", "{3066269A-BF52-5438-AE09-5C49F4AEF781}"
EndProject
Project("{FAE04EC0-301F-11D3-BF4B-00C04F79EFBC}") = "Sidescroller", "Assembly-CSharp-Editor.csproj", "{7E15CC0A-61D3-CA16-CBC4-72D649F91BCC}"
EndProject
Global
	GlobalSection(SolutionConfigurationPlatforms) = preSolution
		Debug|Any CPU = Debug|Any CPU
		Release|Any CPU = Release|Any CPU
	EndGlobalSection
	GlobalSection(ProjectConfigurationPlatforms) = postSolution
		{3066269A-BF52-5438-AE09-5C49F4AEF781}.Debug|Any CPU.ActiveCfg = Debug|Any CPU
		{3066269A-BF52-5438-AE09-5C49F4AEF781}.Debug|Any CPU.Build.0 = Debug|Any CPU
		{3066269A-BF52-5438-AE09-5C49F4AEF781}.Release|Any CPU.ActiveCfg = Release|Any CPU
		{3066269A-BF52-5438-AE09-5C49F4AEF781}.Release|Any CPU.Build.0 = Release|Any CPU
		{7E15CC0A-61D3-CA16-CBC4-72D649F91BCC}.Debug|Any CPU.ActiveCfg = Debug|Any CPU
		{7E15CC0A-61D3-CA16-CBC4-72D649F91BCC}.Debug|Any CPU.Build.0 = Debug|Any CPU
		{7E15CC0A-61D3-CA16-CBC4-72D649F91BCC}.Release|Any CPU.ActiveCfg = Release|Any CPU
		{7E15CC0A-61D3-CA16-CBC4-72D649F91BCC}.Release|Any CPU.Build.0 = Release|Any CPU
	EndGlobalSection
	GlobalSection(SolutionProperties) = preSolution
		HideSolutionNode = FALSE
	EndGlobalSection
	GlobalSection(MonoDevelopProperties) = preSolution
		StartupItem = Assembly-CSharp.csproj
	EndGlobalSection
EndGlobal
